github.com/genome-nexus/genome-nexus-go-api-client v0.0.0-20250210221327-decebe8bc9f5 h1:8PLHM4aJSarZo3jRxhcN+niCwXV9CTEzZ/SsD8gjiF8=
github.com/genome-nexus/genome-nexus-go-api-client v0.0.0-20250210221327-decebe8bc9f5/go.mod h1:qTX3npaaL2wO0ODCuFyfyM4mCZSz1zzYhYn9uoF/YHM=
github.com/google/go-cmp v0.5.5 h1:Khx7svrCpmxxtHBq5j2mp/xVjsi8hQMfNLvJFAlrGgU=
github.com/google/go-cmp v0.5.5/go.mod h1:v8dTdLbMG2kIc/vJvl+f65V22dbkXbowE6jgT/gNBxE=
github.mskcc.org/cdsi/cdsi-protobuf/tempo v0.0.0-20260205165703-c31aff29b357 h1:afX0HK0XuqPuEFWnauGl2FSifFr0GpZS/nYDkoe8WuM=
github.mskcc.org/cdsi/cdsi-protobuf/tempo v0.0.0-20260205165703-c31aff29b357/go.mod h1:44+7sRJBb1H8FHmIrH8kZYYmUqDsVmTa681es8rl7tA=
golang.org/x/oauth2 v0.30.0 h1:dnDm7JmhM45NNpd8FDDeLhK6FwqbOf4MLCM9zb1BOHI=
golang.org/x/oauth2 v0.30.0/go.mod h1:B++QgG3ZKulg6sRPGD/mqlHQs5rB3Ml9erfeDY7xKlU=
golang.org/x/xerrors v0.0.0-20191204190536-9bdfabe68543 h1:E7g+9GITq07hpfrRu66IVDexMakfv52eLZ2CXBWiKr4=
golang.org/x/xerrors v0.0.0-20191204190536-9bdfabe68543/go.mod h1:I/5z698sn9Ka8TeJc9MKroUUfqBBauWjQqLJ2OPfmY0=
google.golang.org/protobuf v1.36.5 h1:tPhr+woSbjfYvY6/GPufUoYizxw1cF/yFoxJ2fmpwlM=
google.golang.org/protobuf v1.36.5/go.mod h1:9fA7Ob0pmnwhb644+1+CVWFRbNajQ6iRojtC/QF5bRE=
